// !$*UTF8*$!
{
	archiveVersion = 1;
	classes = {
	};
	objectVersion = 46;
	objects = {

/* Begin PBXBuildFile section */
		4A070BD71C564843007DE3B7 /* Note.swift in Sources */ = {isa = PBXBuildFile; fileRef = 4A070BD61C564843007DE3B7 /* Note.swift */; };
		4A070BD91C57B47A007DE3B7 /* HelpMethods.swift in Sources */ = {isa = PBXBuildFile; fileRef = 4A070BD81C57B47A007DE3B7 /* HelpMethods.swift */; };
		4A1FB2AA1C9F30670054AA69 /* SnoteConfig.swift in Sources */ = {isa = PBXBuildFile; fileRef = 4A1FB2A91C9F30670054AA69 /* SnoteConfig.swift */; };
		4A1FB2AD1C9F348F0054AA69 /* SnoteUserDefaults.swift in Sources */ = {isa = PBXBuildFile; fileRef = 4A1FB2AC1C9F348F0054AA69 /* SnoteUserDefaults.swift */; };
		4A3B9E171CA4FF8700A4E479 /* SignupAndLogin.storyboard in Resources */ = {isa = PBXBuildFile; fileRef = 4A3B9E161CA4FF8700A4E479 /* SignupAndLogin.storyboard */; };
		4A3B9E191CA515EA00A4E479 /* MainViewController.swift in Sources */ = {isa = PBXBuildFile; fileRef = 4A3B9E181CA515EA00A4E479 /* MainViewController.swift */; };
		4A4D92F11CA53C1400438FC4 /* LoginViewController.swift in Sources */ = {isa = PBXBuildFile; fileRef = 4A4D92F01CA53C1400438FC4 /* LoginViewController.swift */; };
		4A4D92F31CA552A400438FC4 /* SignupViewController.swift in Sources */ = {isa = PBXBuildFile; fileRef = 4A4D92F21CA552A400438FC4 /* SignupViewController.swift */; };
		4A4D92F51CA68FCE00438FC4 /* SnoteAPI.swift in Sources */ = {isa = PBXBuildFile; fileRef = 4A4D92F41CA68FCE00438FC4 /* SnoteAPI.swift */; };
		4AAE83111C5535F400451CD7 /* SingleTextFieldCell.swift in Sources */ = {isa = PBXBuildFile; fileRef = 4AAE83101C5535F400451CD7 /* SingleTextFieldCell.swift */; };
		4AAE83141C553F2B00451CD7 /* TextViewTableViewCell.swift in Sources */ = {isa = PBXBuildFile; fileRef = 4AAE83131C553F2B00451CD7 /* TextViewTableViewCell.swift */; };
		4AAE83161C5542FE00451CD7 /* CreateNoteViewController.swift in Sources */ = {isa = PBXBuildFile; fileRef = 4AAE83151C5542FE00451CD7 /* CreateNoteViewController.swift */; };
		4AF25F371C4E565700F28920 /* AppDelegate.swift in Sources */ = {isa = PBXBuildFile; fileRef = 4AF25F361C4E565700F28920 /* AppDelegate.swift */; };
		4AF25F3B1C4E565700F28920 /* SecondViewController.swift in Sources */ = {isa = PBXBuildFile; fileRef = 4AF25F3A1C4E565700F28920 /* SecondViewController.swift */; };
		4AF25F3E1C4E565700F28920 /* Main.storyboard in Resources */ = {isa = PBXBuildFile; fileRef = 4AF25F3C1C4E565700F28920 /* Main.storyboard */; };
		4AF25F401C4E565700F28920 /* Assets.xcassets in Resources */ = {isa = PBXBuildFile; fileRef = 4AF25F3F1C4E565700F28920 /* Assets.xcassets */; };
		4AF25F431C4E565700F28920 /* LaunchScreen.storyboard in Resources */ = {isa = PBXBuildFile; fileRef = 4AF25F411C4E565700F28920 /* LaunchScreen.storyboard */; };
		4AF25F4E1C4E565800F28920 /* snoteTests.swift in Sources */ = {isa = PBXBuildFile; fileRef = 4AF25F4D1C4E565800F28920 /* snoteTests.swift */; };
		4AF25F591C4E56D200F28920 /* NoteListViewController.swift in Sources */ = {isa = PBXBuildFile; fileRef = 4AF25F581C4E56D200F28920 /* NoteListViewController.swift */; };
		B003326FBAB36F249572FECB /* Pods_snote.framework in Frameworks */ = {isa = PBXBuildFile; fileRef = F7686B17CD3AC2FA0881425E /* Pods_snote.framework */; };
/* End PBXBuildFile section */

/* Begin PBXContainerItemProxy section */
		4AF25F4A1C4E565800F28920 /* PBXContainerItemProxy */ = {
			isa = PBXContainerItemProxy;
			containerPortal = 4AF25F2B1C4E565700F28920 /* Project object */;
			proxyType = 1;
			remoteGlobalIDString = 4AF25F321C4E565700F28920;
			remoteInfo = snote;
		};
/* End PBXContainerItemProxy section */

/* Begin PBXFileReference section */
		4A070BD61C564843007DE3B7 /* Note.swift */ = {isa = PBXFileReference; fileEncoding = 4; lastKnownFileType = sourcecode.swift; path = Note.swift; sourceTree = "<group>"; };
		4A070BD81C57B47A007DE3B7 /* HelpMethods.swift */ = {isa = PBXFileReference; fileEncoding = 4; lastKnownFileType = sourcecode.swift; path = HelpMethods.swift; sourceTree = "<group>"; };
		4A1FB2A91C9F30670054AA69 /* SnoteConfig.swift */ = {isa = PBXFileReference; fileEncoding = 4; lastKnownFileType = sourcecode.swift; path = SnoteConfig.swift; sourceTree = "<group>"; };
		4A1FB2AC1C9F348F0054AA69 /* SnoteUserDefaults.swift */ = {isa = PBXFileReference; fileEncoding = 4; lastKnownFileType = sourcecode.swift; path = SnoteUserDefaults.swift; sourceTree = "<group>"; };
		4A3B9E161CA4FF8700A4E479 /* SignupAndLogin.storyboard */ = {isa = PBXFileReference; fileEncoding = 4; lastKnownFileType = file.storyboard; name = SignupAndLogin.storyboard; path = snote/SignupAndLogin.storyboard; sourceTree = "<group>"; };
		4A3B9E181CA515EA00A4E479 /* MainViewController.swift */ = {isa = PBXFileReference; fileEncoding = 4; lastKnownFileType = sourcecode.swift; path = MainViewController.swift; sourceTree = "<group>"; };
		4A4D92F01CA53C1400438FC4 /* LoginViewController.swift */ = {isa = PBXFileReference; fileEncoding = 4; lastKnownFileType = sourcecode.swift; path = LoginViewController.swift; sourceTree = "<group>"; };
		4A4D92F21CA552A400438FC4 /* SignupViewController.swift */ = {isa = PBXFileReference; fileEncoding = 4; lastKnownFileType = sourcecode.swift; path = SignupViewController.swift; sourceTree = "<group>"; };
		4A4D92F41CA68FCE00438FC4 /* SnoteAPI.swift */ = {isa = PBXFileReference; fileEncoding = 4; lastKnownFileType = sourcecode.swift; name = SnoteAPI.swift; path = Networking/SnoteAPI.swift; sourceTree = "<group>"; };
		4AAE83101C5535F400451CD7 /* SingleTextFieldCell.swift */ = {isa = PBXFileReference; fileEncoding = 4; lastKnownFileType = sourcecode.swift; path = SingleTextFieldCell.swift; sourceTree = "<group>"; };
		4AAE83131C553F2B00451CD7 /* TextViewTableViewCell.swift */ = {isa = PBXFileReference; fileEncoding = 4; lastKnownFileType = sourcecode.swift; path = TextViewTableViewCell.swift; sourceTree = "<group>"; };
		4AAE83151C5542FE00451CD7 /* CreateNoteViewController.swift */ = {isa = PBXFileReference; fileEncoding = 4; lastKnownFileType = sourcecode.swift; path = CreateNoteViewController.swift; sourceTree = "<group>"; };
		4AF25F331C4E565700F28920 /* snote.app */ = {isa = PBXFileReference; explicitFileType = wrapper.application; includeInIndex = 0; path = snote.app; sourceTree = BUILT_PRODUCTS_DIR; };
		4AF25F361C4E565700F28920 /* AppDelegate.swift */ = {isa = PBXFileReference; lastKnownFileType = sourcecode.swift; path = AppDelegate.swift; sourceTree = "<group>"; };
		4AF25F3A1C4E565700F28920 /* SecondViewController.swift */ = {isa = PBXFileReference; lastKnownFileType = sourcecode.swift; path = SecondViewController.swift; sourceTree = "<group>"; };
		4AF25F3D1C4E565700F28920 /* Base */ = {isa = PBXFileReference; lastKnownFileType = file.storyboard; name = Base; path = Base.lproj/Main.storyboard; sourceTree = "<group>"; };
		4AF25F3F1C4E565700F28920 /* Assets.xcassets */ = {isa = PBXFileReference; lastKnownFileType = folder.assetcatalog; name = Assets.xcassets; path = snote/Assets.xcassets; sourceTree = "<group>"; };
		4AF25F421C4E565700F28920 /* Base */ = {isa = PBXFileReference; lastKnownFileType = file.storyboard; name = Base; path = Base.lproj/LaunchScreen.storyboard; sourceTree = "<group>"; };
		4AF25F441C4E565700F28920 /* Info.plist */ = {isa = PBXFileReference; lastKnownFileType = text.plist.xml; name = Info.plist; path = snote/Info.plist; sourceTree = "<group>"; };
		4AF25F491C4E565800F28920 /* snoteTests.xctest */ = {isa = PBXFileReference; explicitFileType = wrapper.cfbundle; includeInIndex = 0; path = snoteTests.xctest; sourceTree = BUILT_PRODUCTS_DIR; };
		4AF25F4D1C4E565800F28920 /* snoteTests.swift */ = {isa = PBXFileReference; lastKnownFileType = sourcecode.swift; path = snoteTests.swift; sourceTree = "<group>"; };
		4AF25F4F1C4E565800F28920 /* Info.plist */ = {isa = PBXFileReference; lastKnownFileType = text.plist.xml; path = Info.plist; sourceTree = "<group>"; };
		4AF25F581C4E56D200F28920 /* NoteListViewController.swift */ = {isa = PBXFileReference; fileEncoding = 4; lastKnownFileType = sourcecode.swift; path = NoteListViewController.swift; sourceTree = "<group>"; };
		7DD1E8FC9513625F23898C8A /* Pods-snote.debug.xcconfig */ = {isa = PBXFileReference; includeInIndex = 1; lastKnownFileType = text.xcconfig; name = "Pods-snote.debug.xcconfig"; path = "Pods/Target Support Files/Pods-snote/Pods-snote.debug.xcconfig"; sourceTree = "<group>"; };
		B46B5F808AAE54ED6FB3BC32 /* Pods-snote.release.xcconfig */ = {isa = PBXFileReference; includeInIndex = 1; lastKnownFileType = text.xcconfig; name = "Pods-snote.release.xcconfig"; path = "Pods/Target Support Files/Pods-snote/Pods-snote.release.xcconfig"; sourceTree = "<group>"; };
		F7686B17CD3AC2FA0881425E /* Pods_snote.framework */ = {isa = PBXFileReference; explicitFileType = wrapper.framework; includeInIndex = 0; path = Pods_snote.framework; sourceTree = BUILT_PRODUCTS_DIR; };
/* End PBXFileReference section */

/* Begin PBXFrameworksBuildPhase section */
		4AF25F301C4E565700F28920 /* Frameworks */ = {
			isa = PBXFrameworksBuildPhase;
			buildActionMask = 2147483647;
			files = (
				B003326FBAB36F249572FECB /* Pods_snote.framework in Frameworks */,
			);
			runOnlyForDeploymentPostprocessing = 0;
		};
		4AF25F461C4E565800F28920 /* Frameworks */ = {
			isa = PBXFrameworksBuildPhase;
			buildActionMask = 2147483647;
			files = (
			);
			runOnlyForDeploymentPostprocessing = 0;
		};
/* End PBXFrameworksBuildPhase section */

/* Begin PBXGroup section */
		4A1FB2A51C9F2EE90054AA69 /* Configs */ = {
			isa = PBXGroup;
			children = (
				4A070BD81C57B47A007DE3B7 /* HelpMethods.swift */,
				4A1FB2A91C9F30670054AA69 /* SnoteConfig.swift */,
			);
			path = Configs;
			sourceTree = "<group>";
		};
		4A1FB2A61C9F2F670054AA69 /* Supporting Files */ = {
			isa = PBXGroup;
			children = (
				4AF25F441C4E565700F28920 /* Info.plist */,
			);
			name = "Supporting Files";
			sourceTree = "<group>";
		};
		4A1FB2AB1C9F316B0054AA69 /* Models */ = {
			isa = PBXGroup;
			children = (
				4A070BD61C564843007DE3B7 /* Note.swift */,
			);
			path = Models;
			sourceTree = "<group>";
		};
		4A1FB2AE1C9F34970054AA69 /* Helpers */ = {
			isa = PBXGroup;
			children = (
				4A1FB2AC1C9F348F0054AA69 /* SnoteUserDefaults.swift */,
			);
			path = Helpers;
			sourceTree = "<group>";
		};
		4A4D92F61CA68FD300438FC4 /* Networking */ = {
			isa = PBXGroup;
			children = (
				4A4D92F41CA68FCE00438FC4 /* SnoteAPI.swift */,
			);
			name = Networking;
			sourceTree = "<group>";
		};
		4A7383801C4FE0FB003835B0 /* Controllers */ = {
			isa = PBXGroup;
			children = (
				4AF25F3A1C4E565700F28920 /* SecondViewController.swift */,
				4AF25F581C4E56D200F28920 /* NoteListViewController.swift */,
				4AAE83151C5542FE00451CD7 /* CreateNoteViewController.swift */,
				4A3B9E181CA515EA00A4E479 /* MainViewController.swift */,
				4A4D92F01CA53C1400438FC4 /* LoginViewController.swift */,
				4A4D92F21CA552A400438FC4 /* SignupViewController.swift */,
			);
			path = Controllers;
			sourceTree = "<group>";
		};
		4AAE83121C5535FB00451CD7 /* Views */ = {
			isa = PBXGroup;
			children = (
				4AAE83101C5535F400451CD7 /* SingleTextFieldCell.swift */,
				4AAE83131C553F2B00451CD7 /* TextViewTableViewCell.swift */,
			);
			path = Views;
			sourceTree = "<group>";
		};
		4AF25F2A1C4E565700F28920 = {
			isa = PBXGroup;
			children = (
				4AF25F351C4E565700F28920 /* snote */,
				4AF25F3F1C4E565700F28920 /* Assets.xcassets */,
				4AF25F3C1C4E565700F28920 /* Main.storyboard */,
				4A3B9E161CA4FF8700A4E479 /* SignupAndLogin.storyboard */,
				4AF25F411C4E565700F28920 /* LaunchScreen.storyboard */,
				4A1FB2A61C9F2F670054AA69 /* Supporting Files */,
				4AF25F4C1C4E565800F28920 /* snoteTests */,
				4AF25F341C4E565700F28920 /* Products */,
				99E5485B096D25DEBC96B27B /* Pods */,
				B9FBCDDB41BBF0E4571D6298 /* Frameworks */,
			);
			sourceTree = "<group>";
		};
		4AF25F341C4E565700F28920 /* Products */ = {
			isa = PBXGroup;
			children = (
				4AF25F331C4E565700F28920 /* snote.app */,
				4AF25F491C4E565800F28920 /* snoteTests.xctest */,
			);
			name = Products;
			sourceTree = "<group>";
		};
		4AF25F351C4E565700F28920 /* snote */ = {
			isa = PBXGroup;
			children = (
				4AF25F361C4E565700F28920 /* AppDelegate.swift */,
				4A1FB2AB1C9F316B0054AA69 /* Models */,
				4AAE83121C5535FB00451CD7 /* Views */,
				4A7383801C4FE0FB003835B0 /* Controllers */,
				4A4D92F61CA68FD300438FC4 /* Networking */,
				4A1FB2A51C9F2EE90054AA69 /* Configs */,
				4A1FB2AE1C9F34970054AA69 /* Helpers */,
			);
			path = snote;
			sourceTree = "<group>";
		};
		4AF25F4C1C4E565800F28920 /* snoteTests */ = {
			isa = PBXGroup;
			children = (
				4AF25F4D1C4E565800F28920 /* snoteTests.swift */,
				4AF25F4F1C4E565800F28920 /* Info.plist */,
			);
			path = snoteTests;
			sourceTree = "<group>";
		};
		99E5485B096D25DEBC96B27B /* Pods */ = {
			isa = PBXGroup;
			children = (
				7DD1E8FC9513625F23898C8A /* Pods-snote.debug.xcconfig */,
				B46B5F808AAE54ED6FB3BC32 /* Pods-snote.release.xcconfig */,
			);
			name = Pods;
			sourceTree = "<group>";
		};
		B9FBCDDB41BBF0E4571D6298 /* Frameworks */ = {
			isa = PBXGroup;
			children = (
				F7686B17CD3AC2FA0881425E /* Pods_snote.framework */,
			);
			name = Frameworks;
			sourceTree = "<group>";
		};
/* End PBXGroup section */

/* Begin PBXNativeTarget section */
		4AF25F321C4E565700F28920 /* snote */ = {
			isa = PBXNativeTarget;
			buildConfigurationList = 4AF25F521C4E565800F28920 /* Build configuration list for PBXNativeTarget "snote" */;
			buildPhases = (
				82B9D9B770242226ACC270DB /* Check Pods Manifest.lock */,
				4AF25F2F1C4E565700F28920 /* Sources */,
				4AF25F301C4E565700F28920 /* Frameworks */,
				4AF25F311C4E565700F28920 /* Resources */,
				88A0E54852A612912943F084 /* Embed Pods Frameworks */,
				1325E71C3AF9912F86DC12F6 /* Copy Pods Resources */,
			);
			buildRules = (
			);
			dependencies = (
			);
			name = snote;
			productName = snote;
			productReference = 4AF25F331C4E565700F28920 /* snote.app */;
			productType = "com.apple.product-type.application";
		};
		4AF25F481C4E565800F28920 /* snoteTests */ = {
			isa = PBXNativeTarget;
			buildConfigurationList = 4AF25F551C4E565800F28920 /* Build configuration list for PBXNativeTarget "snoteTests" */;
			buildPhases = (
				4AF25F451C4E565800F28920 /* Sources */,
				4AF25F461C4E565800F28920 /* Frameworks */,
				4AF25F471C4E565800F28920 /* Resources */,
			);
			buildRules = (
			);
			dependencies = (
				4AF25F4B1C4E565800F28920 /* PBXTargetDependency */,
			);
			name = snoteTests;
			productName = snoteTests;
			productReference = 4AF25F491C4E565800F28920 /* snoteTests.xctest */;
			productType = "com.apple.product-type.bundle.unit-test";
		};
/* End PBXNativeTarget section */

/* Begin PBXProject section */
		4AF25F2B1C4E565700F28920 /* Project object */ = {
			isa = PBXProject;
			attributes = {
				LastSwiftUpdateCheck = 0720;
				LastUpgradeCheck = 0720;
				ORGANIZATIONNAME = nevercry;
				TargetAttributes = {
					4AF25F321C4E565700F28920 = {
						CreatedOnToolsVersion = 7.2;
						DevelopmentTeam = L8463XAM23;
					};
					4AF25F481C4E565800F28920 = {
						CreatedOnToolsVersion = 7.2;
						TestTargetID = 4AF25F321C4E565700F28920;
					};
				};
			};
			buildConfigurationList = 4AF25F2E1C4E565700F28920 /* Build configuration list for PBXProject "snote" */;
			compatibilityVersion = "Xcode 3.2";
			developmentRegion = English;
			hasScannedForEncodings = 0;
			knownRegions = (
				en,
				Base,
			);
			mainGroup = 4AF25F2A1C4E565700F28920;
			productRefGroup = 4AF25F341C4E565700F28920 /* Products */;
			projectDirPath = "";
			projectRoot = "";
			targets = (
				4AF25F321C4E565700F28920 /* snote */,
				4AF25F481C4E565800F28920 /* snoteTests */,
			);
		};
/* End PBXProject section */

/* Begin PBXResourcesBuildPhase section */
		4AF25F311C4E565700F28920 /* Resources */ = {
			isa = PBXResourcesBuildPhase;
			buildActionMask = 2147483647;
			files = (
				4AF25F431C4E565700F28920 /* LaunchScreen.storyboard in Resources */,
				4AF25F401C4E565700F28920 /* Assets.xcassets in Resources */,
				4A3B9E171CA4FF8700A4E479 /* SignupAndLogin.storyboard in Resources */,
				4AF25F3E1C4E565700F28920 /* Main.storyboard in Resources */,
			);
			runOnlyForDeploymentPostprocessing = 0;
		};
		4AF25F471C4E565800F28920 /* Resources */ = {
			isa = PBXResourcesBuildPhase;
			buildActionMask = 2147483647;
			files = (
			);
			runOnlyForDeploymentPostprocessing = 0;
		};
/* End PBXResourcesBuildPhase section */

/* Begin PBXShellScriptBuildPhase section */
		1325E71C3AF9912F86DC12F6 /* Copy Pods Resources */ = {
			isa = PBXShellScriptBuildPhase;
			buildActionMask = 2147483647;
			files = (
			);
			inputPaths = (
			);
			name = "Copy Pods Resources";
			outputPaths = (
			);
			runOnlyForDeploymentPostprocessing = 0;
			shellPath = /bin/sh;
			shellScript = "\"${SRCROOT}/Pods/Target Support Files/Pods-snote/Pods-snote-resources.sh\"\n";
			showEnvVarsInLog = 0;
		};
		82B9D9B770242226ACC270DB /* Check Pods Manifest.lock */ = {
			isa = PBXShellScriptBuildPhase;
			buildActionMask = 2147483647;
			files = (
			);
			inputPaths = (
			);
			name = "Check Pods Manifest.lock";
			outputPaths = (
			);
			runOnlyForDeploymentPostprocessing = 0;
			shellPath = /bin/sh;
			shellScript = "diff \"${PODS_ROOT}/../Podfile.lock\" \"${PODS_ROOT}/Manifest.lock\" > /dev/null\nif [[ $? != 0 ]] ; then\n    cat << EOM\nerror: The sandbox is not in sync with the Podfile.lock. Run 'pod install' or update your CocoaPods installation.\nEOM\n    exit 1\nfi\n";
			showEnvVarsInLog = 0;
		};
		88A0E54852A612912943F084 /* Embed Pods Frameworks */ = {
			isa = PBXShellScriptBuildPhase;
			buildActionMask = 2147483647;
			files = (
			);
			inputPaths = (
			);
			name = "Embed Pods Frameworks";
			outputPaths = (
			);
			runOnlyForDeploymentPostprocessing = 0;
			shellPath = /bin/sh;
			shellScript = "\"${SRCROOT}/Pods/Target Support Files/Pods-snote/Pods-snote-frameworks.sh\"\n";
			showEnvVarsInLog = 0;
		};
/* End PBXShellScriptBuildPhase section */

/* Begin PBXSourcesBuildPhase section */
		4AF25F2F1C4E565700F28920 /* Sources */ = {
			isa = PBXSourcesBuildPhase;
			buildActionMask = 2147483647;
			files = (
				4AF25F591C4E56D200F28920 /* NoteListViewController.swift in Sources */,
				4A1FB2AA1C9F30670054AA69 /* SnoteConfig.swift in Sources */,
				4A070BD91C57B47A007DE3B7 /* HelpMethods.swift in Sources */,
				4A3B9E191CA515EA00A4E479 /* MainViewController.swift in Sources */,
				4AF25F3B1C4E565700F28920 /* SecondViewController.swift in Sources */,
				4A1FB2AD1C9F348F0054AA69 /* SnoteUserDefaults.swift in Sources */,
				4A070BD71C564843007DE3B7 /* Note.swift in Sources */,
				4A4D92F31CA552A400438FC4 /* SignupViewController.swift in Sources */,
				4A4D92F51CA68FCE00438FC4 /* SnoteAPI.swift in Sources */,
				4AF25F371C4E565700F28920 /* AppDelegate.swift in Sources */,
				4AAE83111C5535F400451CD7 /* SingleTextFieldCell.swift in Sources */,
				4AAE83161C5542FE00451CD7 /* CreateNoteViewController.swift in Sources */,
				4A4D92F11CA53C1400438FC4 /* LoginViewController.swift in Sources */,
				4AAE83141C553F2B00451CD7 /* TextViewTableViewCell.swift in Sources */,
			);
			runOnlyForDeploymentPostprocessing = 0;
		};
		4AF25F451C4E565800F28920 /* Sources */ = {
			isa = PBXSourcesBuildPhase;
			buildActionMask = 2147483647;
			files = (
				4AF25F4E1C4E565800F28920 /* snoteTests.swift in Sources */,
			);
			runOnlyForDeploymentPostprocessing = 0;
		};
/* End PBXSourcesBuildPhase section */

/* Begin PBXTargetDependency section */
		4AF25F4B1C4E565800F28920 /* PBXTargetDependency */ = {
			isa = PBXTargetDependency;
			target = 4AF25F321C4E565700F28920 /* snote */;
			targetProxy = 4AF25F4A1C4E565800F28920 /* PBXContainerItemProxy */;
		};
/* End PBXTargetDependency section */

/* Begin PBXVariantGroup section */
		4AF25F3C1C4E565700F28920 /* Main.storyboard */ = {
			isa = PBXVariantGroup;
			children = (
				4AF25F3D1C4E565700F28920 /* Base */,
			);
			name = Main.storyboard;
			path = snote;
			sourceTree = "<group>";
		};
		4AF25F411C4E565700F28920 /* LaunchScreen.storyboard */ = {
			isa = PBXVariantGroup;
			children = (
				4AF25F421C4E565700F28920 /* Base */,
			);
			name = LaunchScreen.storyboard;
			path = snote;
			sourceTree = "<group>";
		};
/* End PBXVariantGroup section */

/* Begin XCBuildConfiguration section */
		4AF25F501C4E565800F28920 /* Debug */ = {
			isa = XCBuildConfiguration;
			buildSettings = {
				ALWAYS_SEARCH_USER_PATHS = NO;
				CLANG_CXX_LANGUAGE_STANDARD = "gnu++0x";
				CLANG_CXX_LIBRARY = "libc++";
				CLANG_ENABLE_MODULES = YES;
				CLANG_ENABLE_OBJC_ARC = YES;
				CLANG_WARN_BOOL_CONVERSION = YES;
				CLANG_WARN_CONSTANT_CONVERSION = YES;
				CLANG_WARN_DIRECT_OBJC_ISA_USAGE = YES_ERROR;
				CLANG_WARN_EMPTY_BODY = YES;
				CLANG_WARN_ENUM_CONVERSION = YES;
				CLANG_WARN_INT_CONVERSION = YES;
				CLANG_WARN_OBJC_ROOT_CLASS = YES_ERROR;
				CLANG_WARN_UNREACHABLE_CODE = YES;
				CLANG_WARN__DUPLICATE_METHOD_MATCH = YES;
				"CODE_SIGN_IDENTITY[sdk=iphoneos*]" = "iPhone Developer";
				COPY_PHASE_STRIP = NO;
				DEBUG_INFORMATION_FORMAT = dwarf;
				ENABLE_STRICT_OBJC_MSGSEND = YES;
				ENABLE_TESTABILITY = YES;
				GCC_C_LANGUAGE_STANDARD = gnu99;
				GCC_DYNAMIC_NO_PIC = NO;
				GCC_NO_COMMON_BLOCKS = YES;
				GCC_OPTIMIZATION_LEVEL = 0;
				GCC_PREPROCESSOR_DEFINITIONS = (
					"DEBUG=1",
					"$(inherited)",
				);
				GCC_WARN_64_TO_32_BIT_CONVERSION = YES;
				GCC_WARN_ABOUT_RETURN_TYPE = YES_ERROR;
				GCC_WARN_UNDECLARED_SELECTOR = YES;
				GCC_WARN_UNINITIALIZED_AUTOS = YES_AGGRESSIVE;
				GCC_WARN_UNUSED_FUNCTION = YES;
				GCC_WARN_UNUSED_VARIABLE = YES;
				IPHONEOS_DEPLOYMENT_TARGET = 9.3;
				LD_RUNPATH_SEARCH_PATHS = "";
				MTL_ENABLE_DEBUG_INFO = YES;
				ONLY_ACTIVE_ARCH = YES;
				SDKROOT = iphoneos;
				SWIFT_OPTIMIZATION_LEVEL = "-Onone";
				TARGETED_DEVICE_FAMILY = "1,2";
			};
			name = Debug;
		};
		4AF25F511C4E565800F28920 /* Release */ = {
			isa = XCBuildConfiguration;
			buildSettings = {
				ALWAYS_SEARCH_USER_PATHS = NO;
				CLANG_CXX_LANGUAGE_STANDARD = "gnu++0x";
				CLANG_CXX_LIBRARY = "libc++";
				CLANG_ENABLE_MODULES = YES;
				CLANG_ENABLE_OBJC_ARC = YES;
				CLANG_WARN_BOOL_CONVERSION = YES;
				CLANG_WARN_CONSTANT_CONVERSION = YES;
				CLANG_WARN_DIRECT_OBJC_ISA_USAGE = YES_ERROR;
				CLANG_WARN_EMPTY_BODY = YES;
				CLANG_WARN_ENUM_CONVERSION = YES;
				CLANG_WARN_INT_CONVERSION = YES;
				CLANG_WARN_OBJC_ROOT_CLASS = YES_ERROR;
				CLANG_WARN_UNREACHABLE_CODE = YES;
				CLANG_WARN__DUPLICATE_METHOD_MATCH = YES;
				"CODE_SIGN_IDENTITY[sdk=iphoneos*]" = "iPhone Developer";
				COPY_PHASE_STRIP = NO;
				DEBUG_INFORMATION_FORMAT = "dwarf-with-dsym";
				ENABLE_NS_ASSERTIONS = NO;
				ENABLE_STRICT_OBJC_MSGSEND = YES;
				GCC_C_LANGUAGE_STANDARD = gnu99;
				GCC_NO_COMMON_BLOCKS = YES;
				GCC_WARN_64_TO_32_BIT_CONVERSION = YES;
				GCC_WARN_ABOUT_RETURN_TYPE = YES_ERROR;
				GCC_WARN_UNDECLARED_SELECTOR = YES;
				GCC_WARN_UNINITIALIZED_AUTOS = YES_AGGRESSIVE;
				GCC_WARN_UNUSED_FUNCTION = YES;
				GCC_WARN_UNUSED_VARIABLE = YES;
				IPHONEOS_DEPLOYMENT_TARGET = 9.3;
				LD_RUNPATH_SEARCH_PATHS = "";
				MTL_ENABLE_DEBUG_INFO = NO;
				SDKROOT = iphoneos;
				TARGETED_DEVICE_FAMILY = "1,2";
				VALIDATE_PRODUCT = YES;
			};
			name = Release;
		};
		4AF25F531C4E565800F28920 /* Debug */ = {
			isa = XCBuildConfiguration;
			baseConfigurationReference = 7DD1E8FC9513625F23898C8A /* Pods-snote.debug.xcconfig */;
			buildSettings = {
				ASSETCATALOG_COMPILER_APPICON_NAME = AppIcon;
				CODE_SIGN_IDENTITY = "iPhone Developer";
				"CODE_SIGN_IDENTITY[sdk=iphoneos*]" = "iPhone Developer";
				INFOPLIST_FILE = snote/Info.plist;
				IPHONEOS_DEPLOYMENT_TARGET = 9.3;
				LD_RUNPATH_SEARCH_PATHS = "$(inherited) @executable_path/Frameworks";
				OTHER_LDFLAGS = (
					"$(inherited)",
					"-framework",
					"\"Alamofire\"",
					"-framework",
					"\"MBProgressHUD\"",
					"-framework",
					"\"Moya\"",
					"-framework",
					"\"Result\"",
					"-framework",
					"\"SwiftyJSON\"",
				);
				PRODUCT_BUNDLE_IDENTIFIER = com.nevercry.snote;
				PRODUCT_NAME = "$(TARGET_NAME)";
				PROVISIONING_PROFILE = "";
			};
			name = Debug;
		};
		4AF25F541C4E565800F28920 /* Release */ = {
			isa = XCBuildConfiguration;
			baseConfigurationReference = B46B5F808AAE54ED6FB3BC32 /* Pods-snote.release.xcconfig */;
			buildSettings = {
				ASSETCATALOG_COMPILER_APPICON_NAME = AppIcon;
				CODE_SIGN_IDENTITY = "iPhone Developer";
				"CODE_SIGN_IDENTITY[sdk=iphoneos*]" = "iPhone Developer";
				INFOPLIST_FILE = snote/Info.plist;
				IPHONEOS_DEPLOYMENT_TARGET = 9.3;
				LD_RUNPATH_SEARCH_PATHS = "$(inherited) @executable_path/Frameworks";
				OTHER_LDFLAGS = (
					"$(inherited)",
					"-framework",
					"\"Alamofire\"",
					"-framework",
					"\"MBProgressHUD\"",
					"-framework",
					"\"Moya\"",
					"-framework",
					"\"Result\"",
					"-framework",
					"\"SwiftyJSON\"",
				);
				PRODUCT_BUNDLE_IDENTIFIER = com.nevercry.snote;
				PRODUCT_NAME = "$(TARGET_NAME)";
				PROVISIONING_PROFILE = "";
			};
			name = Release;
		};
		4AF25F561C4E565800F28920 /* Debug */ = {
			isa = XCBuildConfiguration;
			buildSettings = {
				BUNDLE_LOADER = "$(TEST_HOST)";
				INFOPLIST_FILE = snoteTests/Info.plist;
				LD_RUNPATH_SEARCH_PATHS = "$(inherited) @executable_path/Frameworks @loader_path/Frameworks";
				PRODUCT_BUNDLE_IDENTIFIER = com.nevercry.snoteTests;
				PRODUCT_NAME = "$(TARGET_NAME)";
				TEST_HOST = "$(BUILT_PRODUCTS_DIR)/snote.app/snote";
			};
			name = Debug;
		};
		4AF25F571C4E565800F28920 /* Release */ = {
			isa = XCBuildConfiguration;
			buildSettings = {
				BUNDLE_LOADER = "$(TEST_HOST)";
				INFOPLIST_FILE = snoteTests/Info.plist;
				LD_RUNPATH_SEARCH_PATHS = "$(inherited) @executable_path/Frameworks @loader_path/Frameworks";
				PRODUCT_BUNDLE_IDENTIFIER = com.nevercry.snoteTests;
				PRODUCT_NAME = "$(TARGET_NAME)";
				TEST_HOST = "$(BUILT_PRODUCTS_DIR)/snote.app/snote";
			};
			name = Release;
		};
/* End XCBuildConfiguration section */

/* Begin XCConfigurationList section */
		4AF25F2E1C4E565700F28920 /* Build configuration list for PBXProject "snote" */ = {
			isa = XCConfigurationList;
			buildConfigurations = (
				4AF25F501C4E565800F28920 /* Debug */,
				4AF25F511C4E565800F28920 /* Release */,
			);
			defaultConfigurationIsVisible = 0;
			defaultConfigurationName = Release;
		};
		4AF25F521C4E565800F28920 /* Build configuration list for PBXNativeTarget "snote" */ = {
			isa = XCConfigurationList;
			buildConfigurations = (
				4AF25F531C4E565800F28920 /* Debug */,
				4AF25F541C4E565800F28920 /* Release */,
			);
			defaultConfigurationIsVisible = 0;
			defaultConfigurationName = Release;
		};
		4AF25F551C4E565800F28920 /* Build configuration list for PBXNativeTarget "snoteTests" */ = {
			isa = XCConfigurationList;
			buildConfigurations = (
				4AF25F561C4E565800F28920 /* Debug */,
				4AF25F571C4E565800F28920 /* Release */,
			);
			defaultConfigurationIsVisible = 0;
			defaultConfigurationName = Release;
		};
/* End XCConfigurationList section */
	};
	rootObject = 4AF25F2B1C4E565700F28920 /* Project object */;
}
